// !$*UTF8*$!
{
	archiveVersion = 1;
	classes = {
	};
	objectVersion = 77;
	objects = {

/* Begin PBXBuildFile section */
		DC06BC932E7ACB78001284BD /* FirebaseAI in Frameworks */ = {isa = PBXBuildFile; productRef = DC06BC922E7ACB78001284BD /* FirebaseAI */; };
		DC06BC952E7ACB78001284BD /* FirebaseAnalytics in Frameworks */ = {isa = PBXBuildFile; productRef = DC06BC942E7ACB78001284BD /* FirebaseAnalytics */; };
		DC06BC972E7ACB78001284BD /* FirebaseAnalyticsCore in Frameworks */ = {isa = PBXBuildFile; productRef = DC06BC962E7ACB78001284BD /* FirebaseAnalyticsCore */; };
		DC06BC992E7ACB78001284BD /* FirebaseAnalyticsIdentitySupport in Frameworks */ = {isa = PBXBuildFile; productRef = DC06BC982E7ACB78001284BD /* FirebaseAnalyticsIdentitySupport */; };
		DC06BC9B2E7ACB78001284BD /* FirebaseAppCheck in Frameworks */ = {isa = PBXBuildFile; productRef = DC06BC9A2E7ACB78001284BD /* FirebaseAppCheck */; };
/* End PBXBuildFile section */

/* Begin PBXContainerItemProxy section */
		DC33FD202E600C3300517FB0 /* PBXContainerItemProxy */ = {
			isa = PBXContainerItemProxy;
			containerPortal = DC33FD022E600C3200517FB0 /* Project object */;
			proxyType = 1;
			remoteGlobalIDString = DC33FD092E600C3200517FB0;
			remoteInfo = FitLifeAdvisorApp;
		};
		DC33FD2A2E600C3300517FB0 /* PBXContainerItemProxy */ = {
			isa = PBXContainerItemProxy;
			containerPortal = DC33FD022E600C3200517FB0 /* Project object */;
			proxyType = 1;
			remoteGlobalIDString = DC33FD092E600C3200517FB0;
			remoteInfo = FitLifeAdvisorApp;
		};
/* End PBXContainerItemProxy section */

/* Begin PBXFileReference section */
		DC33FD0A2E600C3200517FB0 /* FitLifeAdvisorApp.app */ = {isa = PBXFileReference; explicitFileType = wrapper.application; includeInIndex = 0; path = FitLifeAdvisorApp.app; sourceTree = BUILT_PRODUCTS_DIR; };
		DC33FD1F2E600C3300517FB0 /* FitLifeAdvisorAppTests.xctest */ = {isa = PBXFileReference; explicitFileType = wrapper.cfbundle; includeInIndex = 0; path = FitLifeAdvisorAppTests.xctest; sourceTree = BUILT_PRODUCTS_DIR; };
		DC33FD292E600C3300517FB0 /* FitLifeAdvisorAppUITests.xctest */ = {isa = PBXFileReference; explicitFileType = wrapper.cfbundle; includeInIndex = 0; path = FitLifeAdvisorAppUITests.xctest; sourceTree = BUILT_PRODUCTS_DIR; };
/* End PBXFileReference section */

/* Begin PBXFileSystemSynchronizedBuildFileExceptionSet section */
		DC8E11D42E7290E70091D8F0 /* Exceptions for "FitLifeAdvisorApp" folder in "FitLifeAdvisorApp" target */ = {
			isa = PBXFileSystemSynchronizedBuildFileExceptionSet;
			membershipExceptions = (
				Info.plist,
			);
			target = DC33FD092E600C3200517FB0 /* FitLifeAdvisorApp */;
		};
/* End PBXFileSystemSynchronizedBuildFileExceptionSet section */

/* Begin PBXFileSystemSynchronizedRootGroup section */
		DC33FD0C2E600C3200517FB0 /* FitLifeAdvisorApp */ = {
			isa = PBXFileSystemSynchronizedRootGroup;
			exceptions = (
				DC8E11D42E7290E70091D8F0 /* Exceptions for "FitLifeAdvisorApp" folder in "FitLifeAdvisorApp" target */,
			);
			path = FitLifeAdvisorApp;
			sourceTree = "<group>";
		};
		DC33FD222E600C3300517FB0 /* FitLifeAdvisorAppTests */ = {
			isa = PBXFileSystemSynchronizedRootGroup;
			path = FitLifeAdvisorAppTests;
			sourceTree = "<group>";
		};
		DC33FD2C2E600C3300517FB0 /* FitLifeAdvisorAppUITests */ = {
			isa = PBXFileSystemSynchronizedRootGroup;
			path = FitLifeAdvisorAppUITests;
			sourceTree = "<group>";
		};
/* End PBXFileSystemSynchronizedRootGroup section */

/* Begin PBXFrameworksBuildPhase section */
		DC33FD072E600C3200517FB0 /* Frameworks */ = {
			isa = PBXFrameworksBuildPhase;
			buildActionMask = 2147483647;
			files = (
				DC06BC992E7ACB78001284BD /* FirebaseAnalyticsIdentitySupport in Frameworks */,
				DC06BC952E7ACB78001284BD /* FirebaseAnalytics in Frameworks */,
				DC06BC972E7ACB78001284BD /* FirebaseAnalyticsCore in Frameworks */,
				DC06BC9B2E7ACB78001284BD /* FirebaseAppCheck in Frameworks */,
				DC06BC932E7ACB78001284BD /* FirebaseAI in Frameworks */,
			);
			runOnlyForDeploymentPostprocessing = 0;
		};
		DC33FD1C2E600C3300517FB0 /* Frameworks */ = {
			isa = PBXFrameworksBuildPhase;
			buildActionMask = 2147483647;
			files = (
			);
			runOnlyForDeploymentPostprocessing = 0;
		};
		DC33FD262E600C3300517FB0 /* Frameworks */ = {
			isa = PBXFrameworksBuildPhase;
			buildActionMask = 2147483647;
			files = (
			);
			runOnlyForDeploymentPostprocessing = 0;
		};
/* End PBXFrameworksBuildPhase section */

/* Begin PBXGroup section */
		DC33FD012E600C3200517FB0 = {
			isa = PBXGroup;
			children = (
				DC33FD0C2E600C3200517FB0 /* FitLifeAdvisorApp */,
				DC33FD222E600C3300517FB0 /* FitLifeAdvisorAppTests */,
				DC33FD2C2E600C3300517FB0 /* FitLifeAdvisorAppUITests */,
				DC33FD0B2E600C3200517FB0 /* Products */,
			);
			sourceTree = "<group>";
		};
		DC33FD0B2E600C3200517FB0 /* Products */ = {
			isa = PBXGroup;
			children = (
				DC33FD0A2E600C3200517FB0 /* FitLifeAdvisorApp.app */,
				DC33FD1F2E600C3300517FB0 /* FitLifeAdvisorAppTests.xctest */,
				DC33FD292E600C3300517FB0 /* FitLifeAdvisorAppUITests.xctest */,
			);
			name = Products;
			sourceTree = "<group>";
		};
/* End PBXGroup section */

/* Begin PBXNativeTarget section */
		DC33FD092E600C3200517FB0 /* FitLifeAdvisorApp */ = {
			isa = PBXNativeTarget;
			buildConfigurationList = DC33FD332E600C3300517FB0 /* Build configuration list for PBXNativeTarget "FitLifeAdvisorApp" */;
			buildPhases = (
				DC33FD062E600C3200517FB0 /* Sources */,
				DC33FD072E600C3200517FB0 /* Frameworks */,
				DC33FD082E600C3200517FB0 /* Resources */,
			);
			buildRules = (
			);
			dependencies = (
			);
			fileSystemSynchronizedGroups = (
				DC33FD0C2E600C3200517FB0 /* FitLifeAdvisorApp */,
			);
			name = FitLifeAdvisorApp;
			packageProductDependencies = (
				DC06BC922E7ACB78001284BD /* FirebaseAI */,
				DC06BC942E7ACB78001284BD /* FirebaseAnalytics */,
				DC06BC962E7ACB78001284BD /* FirebaseAnalyticsCore */,
				DC06BC982E7ACB78001284BD /* FirebaseAnalyticsIdentitySupport */,
				DC06BC9A2E7ACB78001284BD /* FirebaseAppCheck */,
			);
			productName = FitLifeAdvisorApp;
			productReference = DC33FD0A2E600C3200517FB0 /* FitLifeAdvisorApp.app */;
			productType = "com.apple.product-type.application";
		};
		DC33FD1E2E600C3300517FB0 /* FitLifeAdvisorAppTests */ = {
			isa = PBXNativeTarget;
			buildConfigurationList = DC33FD362E600C3300517FB0 /* Build configuration list for PBXNativeTarget "FitLifeAdvisorAppTests" */;
			buildPhases = (
				DC33FD1B2E600C3300517FB0 /* Sources */,
				DC33FD1C2E600C3300517FB0 /* Frameworks */,
				DC33FD1D2E600C3300517FB0 /* Resources */,
			);
			buildRules = (
			);
			dependencies = (
				DC33FD212E600C3300517FB0 /* PBXTargetDependency */,
			);
			fileSystemSynchronizedGroups = (
				DC33FD222E600C3300517FB0 /* FitLifeAdvisorAppTests */,
			);
			name = FitLifeAdvisorAppTests;
			packageProductDependencies = (
			);
			productName = FitLifeAdvisorAppTests;
			productReference = DC33FD1F2E600C3300517FB0 /* FitLifeAdvisorAppTests.xctest */;
			productType = "com.apple.product-type.bundle.unit-test";
		};
		DC33FD282E600C3300517FB0 /* FitLifeAdvisorAppUITests */ = {
			isa = PBXNativeTarget;
			buildConfigurationList = DC33FD392E600C3300517FB0 /* Build configuration list for PBXNativeTarget "FitLifeAdvisorAppUITests" */;
			buildPhases = (
				DC33FD252E600C3300517FB0 /* Sources */,
				DC33FD262E600C3300517FB0 /* Frameworks */,
				DC33FD272E600C3300517FB0 /* Resources */,
			);
			buildRules = (
			);
			dependencies = (
				DC33FD2B2E600C3300517FB0 /* PBXTargetDependency */,
			);
			fileSystemSynchronizedGroups = (
				DC33FD2C2E600C3300517FB0 /* FitLifeAdvisorAppUITests */,
			);
			name = FitLifeAdvisorAppUITests;
			packageProductDependencies = (
			);
			productName = FitLifeAdvisorAppUITests;
			productReference = DC33FD292E600C3300517FB0 /* FitLifeAdvisorAppUITests.xctest */;
			productType = "com.apple.product-type.bundle.ui-testing";
		};
/* End PBXNativeTarget section */

/* Begin PBXProject section */
		DC33FD022E600C3200517FB0 /* Project object */ = {
			isa = PBXProject;
			attributes = {
				BuildIndependentTargetsInParallel = 1;
				LastSwiftUpdateCheck = 1620;
				LastUpgradeCheck = 1620;
				TargetAttributes = {
					DC33FD092E600C3200517FB0 = {
						CreatedOnToolsVersion = 16.2;
					};
					DC33FD1E2E600C3300517FB0 = {
						CreatedOnToolsVersion = 16.2;
						TestTargetID = DC33FD092E600C3200517FB0;
					};
					DC33FD282E600C3300517FB0 = {
						CreatedOnToolsVersion = 16.2;
						TestTargetID = DC33FD092E600C3200517FB0;
					};
				};
			};
			buildConfigurationList = DC33FD052E600C3200517FB0 /* Build configuration list for PBXProject "FitLifeAdvisorApp" */;
			developmentRegion = en;
			hasScannedForEncodings = 0;
			knownRegions = (
				en,
				Base,
			);
			mainGroup = DC33FD012E600C3200517FB0;
			minimizedProjectReferenceProxies = 1;
			packageReferences = (
				DC06BC8E2E7AC398001284BD /* XCRemoteSwiftPackageReference "swift-algorithms" */,
				DC06BC912E7AC9EA001284BD /* XCRemoteSwiftPackageReference "firebase-ios-sdk" */,
			);
			preferredProjectObjectVersion = 77;
			productRefGroup = DC33FD0B2E600C3200517FB0 /* Products */;
			projectDirPath = "";
			projectRoot = "";
			targets = (
				DC33FD092E600C3200517FB0 /* FitLifeAdvisorApp */,
				DC33FD1E2E600C3300517FB0 /* FitLifeAdvisorAppTests */,
				DC33FD282E600C3300517FB0 /* FitLifeAdvisorAppUITests */,
			);
		};
/* End PBXProject section */

/* Begin PBXResourcesBuildPhase section */
		DC33FD082E600C3200517FB0 /* Resources */ = {
			isa = PBXResourcesBuildPhase;
			buildActionMask = 2147483647;
			files = (
			);
			runOnlyForDeploymentPostprocessing = 0;
		};
		DC33FD1D2E600C3300517FB0 /* Resources */ = {
			isa = PBXResourcesBuildPhase;
			buildActionMask = 2147483647;
			files = (
			);
			runOnlyForDeploymentPostprocessing = 0;
		};
		DC33FD272E600C3300517FB0 /* Resources */ = {
			isa = PBXResourcesBuildPhase;
			buildActionMask = 2147483647;
			files = (
			);
			runOnlyForDeploymentPostprocessing = 0;
		};
/* End PBXResourcesBuildPhase section */

/* Begin PBXSourcesBuildPhase section */
		DC33FD062E600C3200517FB0 /* Sources */ = {
			isa = PBXSourcesBuildPhase;
			buildActionMask = 2147483647;
			files = (
			);
			runOnlyForDeploymentPostprocessing = 0;
		};
		DC33FD1B2E600C3300517FB0 /* Sources */ = {
			isa = PBXSourcesBuildPhase;
			buildActionMask = 2147483647;
			files = (
			);
			runOnlyForDeploymentPostprocessing = 0;
		};
		DC33FD252E600C3300517FB0 /* Sources */ = {
			isa = PBXSourcesBuildPhase;
			buildActionMask = 2147483647;
			files = (
			);
			runOnlyForDeploymentPostprocessing = 0;
		};
/* End PBXSourcesBuildPhase section */

/* Begin PBXTargetDependency section */
		DC33FD212E600C3300517FB0 /* PBXTargetDependency */ = {
			isa = PBXTargetDependency;
			target = DC33FD092E600C3200517FB0 /* FitLifeAdvisorApp */;
			targetProxy = DC33FD202E600C3300517FB0 /* PBXContainerItemProxy */;
		};
		DC33FD2B2E600C3300517FB0 /* PBXTargetDependency */ = {
			isa = PBXTargetDependency;
			target = DC33FD092E600C3200517FB0 /* FitLifeAdvisorApp */;
			targetProxy = DC33FD2A2E600C3300517FB0 /* PBXContainerItemProxy */;
		};
/* End PBXTargetDependency section */

/* Begin XCBuildConfiguration section */
		DC33FD312E600C3300517FB0 /* Debug */ = {
			isa = XCBuildConfiguration;
			buildSettings = {
				ALWAYS_SEARCH_USER_PATHS = NO;
				ASSETCATALOG_COMPILER_GENERATE_SWIFT_ASSET_SYMBOL_EXTENSIONS = YES;
				CLANG_ANALYZER_NONNULL = YES;
				CLANG_ANALYZER_NUMBER_OBJECT_CONVERSION = YES_AGGRESSIVE;
				CLANG_CXX_LANGUAGE_STANDARD = "gnu++20";
				CLANG_ENABLE_MODULES = YES;
				CLANG_ENABLE_OBJC_ARC = YES;
				CLANG_ENABLE_OBJC_WEAK = YES;
				CLANG_WARN_BLOCK_CAPTURE_AUTORELEASING = YES;
				CLANG_WARN_BOOL_CONVERSION = YES;
				CLANG_WARN_COMMA = YES;
				CLANG_WARN_CONSTANT_CONVERSION = YES;
				CLANG_WARN_DEPRECATED_OBJC_IMPLEMENTATIONS = YES;
				CLANG_WARN_DIRECT_OBJC_ISA_USAGE = YES_ERROR;
				CLANG_WARN_DOCUMENTATION_COMMENTS = YES;
				CLANG_WARN_EMPTY_BODY = YES;
				CLANG_WARN_ENUM_CONVERSION = YES;
				CLANG_WARN_INFINITE_RECURSION = YES;
				CLANG_WARN_INT_CONVERSION = YES;
				CLANG_WARN_NON_LITERAL_NULL_CONVERSION = YES;
				CLANG_WARN_OBJC_IMPLICIT_RETAIN_SELF = YES;
				CLANG_WARN_OBJC_LITERAL_CONVERSION = YES;
				CLANG_WARN_OBJC_ROOT_CLASS = YES_ERROR;
				CLANG_WARN_QUOTED_INCLUDE_IN_FRAMEWORK_HEADER = YES;
				CLANG_WARN_RANGE_LOOP_ANALYSIS = YES;
				CLANG_WARN_STRICT_PROTOTYPES = YES;
				CLANG_WARN_SUSPICIOUS_MOVE = YES;
				CLANG_WARN_UNGUARDED_AVAILABILITY = YES_AGGRESSIVE;
				CLANG_WARN_UNREACHABLE_CODE = YES;
				CLANG_WARN__DUPLICATE_METHOD_MATCH = YES;
				COPY_PHASE_STRIP = NO;
				DEBUG_INFORMATION_FORMAT = dwarf;
				ENABLE_STRICT_OBJC_MSGSEND = YES;
				ENABLE_TESTABILITY = YES;
				ENABLE_USER_SCRIPT_SANDBOXING = YES;
				GCC_C_LANGUAGE_STANDARD = gnu17;
				GCC_DYNAMIC_NO_PIC = NO;
				GCC_NO_COMMON_BLOCKS = YES;
				GCC_OPTIMIZATION_LEVEL = 0;
				GCC_PREPROCESSOR_DEFINITIONS = (
					"DEBUG=1",
					"$(inherited)",
				);
				GCC_WARN_64_TO_32_BIT_CONVERSION = YES;
				GCC_WARN_ABOUT_RETURN_TYPE = YES_ERROR;
				GCC_WARN_UNDECLARED_SELECTOR = YES;
				GCC_WARN_UNINITIALIZED_AUTOS = YES_AGGRESSIVE;
				GCC_WARN_UNUSED_FUNCTION = YES;
				GCC_WARN_UNUSED_VARIABLE = YES;
				IPHONEOS_DEPLOYMENT_TARGET = 18.2;
				LOCALIZATION_PREFERS_STRING_CATALOGS = YES;
				MTL_ENABLE_DEBUG_INFO = INCLUDE_SOURCE;
				MTL_FAST_MATH = YES;
				ONLY_ACTIVE_ARCH = YES;
				SDKROOT = iphoneos;
				SWIFT_ACTIVE_COMPILATION_CONDITIONS = "DEBUG $(inherited)";
				SWIFT_OPTIMIZATION_LEVEL = "-Onone";
			};
			name = Debug;
		};
		DC33FD322E600C3300517FB0 /* Release */ = {
			isa = XCBuildConfiguration;
			buildSettings = {
				ALWAYS_SEARCH_USER_PATHS = NO;
				ASSETCATALOG_COMPILER_GENERATE_SWIFT_ASSET_SYMBOL_EXTENSIONS = YES;
				CLANG_ANALYZER_NONNULL = YES;
				CLANG_ANALYZER_NUMBER_OBJECT_CONVERSION = YES_AGGRESSIVE;
				CLANG_CXX_LANGUAGE_STANDARD = "gnu++20";
				CLANG_ENABLE_MODULES = YES;
				CLANG_ENABLE_OBJC_ARC = YES;
				CLANG_ENABLE_OBJC_WEAK = YES;
				CLANG_WARN_BLOCK_CAPTURE_AUTORELEASING = YES;
				CLANG_WARN_BOOL_CONVERSION = YES;
				CLANG_WARN_COMMA = YES;
				CLANG_WARN_CONSTANT_CONVERSION = YES;
				CLANG_WARN_DEPRECATED_OBJC_IMPLEMENTATIONS = YES;
				CLANG_WARN_DIRECT_OBJC_ISA_USAGE = YES_ERROR;
				CLANG_WARN_DOCUMENTATION_COMMENTS = YES;
				CLANG_WARN_EMPTY_BODY = YES;
				CLANG_WARN_ENUM_CONVERSION = YES;
				CLANG_WARN_INFINITE_RECURSION = YES;
				CLANG_WARN_INT_CONVERSION = YES;
				CLANG_WARN_NON_LITERAL_NULL_CONVERSION = YES;
				CLANG_WARN_OBJC_IMPLICIT_RETAIN_SELF = YES;
				CLANG_WARN_OBJC_LITERAL_CONVERSION = YES;
				CLANG_WARN_OBJC_ROOT_CLASS = YES_ERROR;
				CLANG_WARN_QUOTED_INCLUDE_IN_FRAMEWORK_HEADER = YES;
				CLANG_WARN_RANGE_LOOP_ANALYSIS = YES;
				CLANG_WARN_STRICT_PROTOTYPES = YES;
				CLANG_WARN_SUSPICIOUS_MOVE = YES;
				CLANG_WARN_UNGUARDED_AVAILABILITY = YES_AGGRESSIVE;
				CLANG_WARN_UNREACHABLE_CODE = YES;
				CLANG_WARN__DUPLICATE_METHOD_MATCH = YES;
				COPY_PHASE_STRIP = NO;
				DEBUG_INFORMATION_FORMAT = "dwarf-with-dsym";
				ENABLE_NS_ASSERTIONS = NO;
				ENABLE_STRICT_OBJC_MSGSEND = YES;
				ENABLE_USER_SCRIPT_SANDBOXING = YES;
				GCC_C_LANGUAGE_STANDARD = gnu17;
				GCC_NO_COMMON_BLOCKS = YES;
				GCC_WARN_64_TO_32_BIT_CONVERSION = YES;
				GCC_WARN_ABOUT_RETURN_TYPE = YES_ERROR;
				GCC_WARN_UNDECLARED_SELECTOR = YES;
				GCC_WARN_UNINITIALIZED_AUTOS = YES_AGGRESSIVE;
				GCC_WARN_UNUSED_FUNCTION = YES;
				GCC_WARN_UNUSED_VARIABLE = YES;
				IPHONEOS_DEPLOYMENT_TARGET = 18.2;
				LOCALIZATION_PREFERS_STRING_CATALOGS = YES;
				MTL_ENABLE_DEBUG_INFO = NO;
				MTL_FAST_MATH = YES;
				SDKROOT = iphoneos;
				SWIFT_COMPILATION_MODE = wholemodule;
				VALIDATE_PRODUCT = YES;
			};
			name = Release;
		};
		DC33FD342E600C3300517FB0 /* Debug */ = {
			isa = XCBuildConfiguration;
			buildSettings = {
				ASSETCATALOG_COMPILER_APPICON_NAME = AppIcon;
				ASSETCATALOG_COMPILER_GLOBAL_ACCENT_COLOR_NAME = AccentColor;
				CODE_SIGN_STYLE = Automatic;
				CURRENT_PROJECT_VERSION = 1;
				DEVELOPMENT_ASSET_PATHS = "\"FitLifeAdvisorApp/Preview Content\"";
				DEVELOPMENT_TEAM = 95DM8LUCU6;
				ENABLE_PREVIEWS = YES;
				GENERATE_INFOPLIST_FILE = YES;
				INFOPLIST_FILE = FitLifeAdvisorApp/Info.plist;
				INFOPLIST_KEY_CFBundleDisplayName = FitLifeAdvisor;
				INFOPLIST_KEY_NSCameraUsageDescription = "This app uses the camera to scan barcodes and nutrition labels on food products for meal tracking and nutritional analysis\nMade changes.\n\n## 📱 **Quick Summary: Adding Permissions in Xcode**\n\nHere's exactly what you need to do:\n\n### **🎯 Step-by-Step (5 minutes):**\n\n1. **Open Xcode** → Open FitLifeAdvisorApp.xcodeproj\n\n2. **Click project name** at top of left sidebar (blue folder icon)\n\n3. **Select Info tab** (next to General, Signing & Capabilities)\n\n4. **Add Camera Permission**:\n   - Click **\"+\" button** next to \"Custom iOS Target Properties\"\n   - Type: `Privacy - Camera Usage Description`\n   - Value: `This app uses the camera to scan barcodes and nutrition labels on food products for meal tracking and nutritional analysis.`\n\n5. **Add Photo Library Permission**:\n   - Click **\"+\" button** again\n   - Type: `Privacy - Photo Library Usage Description`\n   - Value: `This app accesses your photo library to analyze existing photos of food products, barcodes, and nutrition labels for meal tracking.`\n\n6. **Save** (⌘S) → **Clean Build** (⇧⌘K) → **Build** (⌘B)\n\n### **🎉 Result:**\n- Users will see professional permission requests\n- Camera access will work for scanning\n- Gallery selection will work properly\n- Your ML Kit will be fully functional!\n\n**That's it! Your scanning features will now work perfectly! 📱✨**\n\nI've also created a detailed guide with screenshots descriptions in XCODE_PERMISSIONS_SETUP_GUIDE.md for reference.";
				INFOPLIST_KEY_NSFaceIDUsageDescription = "FitLife Advisor uses Face ID to securely authenticate and protect personal fitness and health data.";
				INFOPLIST_KEY_NSPhotoLibraryUsageDescription = "This app accesses your photo library to analyze existing photos of food products, barcodes, and nutrition labels for meal tracking.";
				INFOPLIST_KEY_UIApplicationSceneManifest_Generation = YES;
				INFOPLIST_KEY_UIApplicationSupportsIndirectInputEvents = YES;
				INFOPLIST_KEY_UILaunchScreen_Generation = YES;
				INFOPLIST_KEY_UISupportedInterfaceOrientations_iPhone = "UIInterfaceOrientationPortrait UIInterfaceOrientationLandscapeLeft UIInterfaceOrientationLandscapeRight";
				IPHONEOS_DEPLOYMENT_TARGET = 15.6;
				LD_RUNPATH_SEARCH_PATHS = (
					"$(inherited)",
					"@executable_path/Frameworks",
				);
				MARKETING_VERSION = 1.0;
				PRODUCT_BUNDLE_IDENTIFIER = App.FitLifeAdvisorApp;
				PRODUCT_NAME = "$(TARGET_NAME)";
				SWIFT_EMIT_LOC_STRINGS = YES;
				SWIFT_VERSION = 5.0;
				TARGETED_DEVICE_FAMILY = "1,2";
			};
			name = Debug;
		};
		DC33FD352E600C3300517FB0 /* Release */ = {
			isa = XCBuildConfiguration;
			buildSettings = {
				ASSETCATALOG_COMPILER_APPICON_NAME = AppIcon;
				ASSETCATALOG_COMPILER_GLOBAL_ACCENT_COLOR_NAME = AccentColor;
				CODE_SIGN_STYLE = Automatic;
				CURRENT_PROJECT_VERSION = 1;
				DEVELOPMENT_ASSET_PATHS = "\"FitLifeAdvisorApp/Preview Content\"";
				DEVELOPMENT_TEAM = 95DM8LUCU6;
				ENABLE_PREVIEWS = YES;
				GENERATE_INFOPLIST_FILE = YES;
				INFOPLIST_FILE = FitLifeAdvisorApp/Info.plist;
				INFOPLIST_KEY_CFBundleDisplayName = FitLifeAdvisor;
				INFOPLIST_KEY_NSCameraUsageDescription = "This app uses the camera to scan barcodes and nutrition labels on food products for meal tracking and nutritional analysis\nMade changes.\n\n## 📱 **Quick Summary: Adding Permissions in Xcode**\n\nHere's exactly what you need to do:\n\n### **🎯 Step-by-Step (5 minutes):**\n\n1. **Open Xcode** → Open FitLifeAdvisorApp.xcodeproj\n\n2. **Click project name** at top of left sidebar (blue folder icon)\n\n3. **Select Info tab** (next to General, Signing & Capabilities)\n\n4. **Add Camera Permission**:\n   - Click **\"+\" button** next to \"Custom iOS Target Properties\"\n   - Type: `Privacy - Camera Usage Description`\n   - Value: `This app uses the camera to scan barcodes and nutrition labels on food products for meal tracking and nutritional analysis.`\n\n5. **Add Photo Library Permission**:\n   - Click **\"+\" button** again\n   - Type: `Privacy - Photo Library Usage Description`\n   - Value: `This app accesses your photo library to analyze existing photos of food products, barcodes, and nutrition labels for meal tracking.`\n\n6. **Save** (⌘S) → **Clean Build** (⇧⌘K) → **Build** (⌘B)\n\n### **🎉 Result:**\n- Users will see professional permission requests\n- Camera access will work for scanning\n- Gallery selection will work properly\n- Your ML Kit will be fully functional!\n\n**That's it! Your scanning features will now work perfectly! 📱✨**\n\nI've also created a detailed guide with screenshots descriptions in XCODE_PERMISSIONS_SETUP_GUIDE.md for reference.";
				INFOPLIST_KEY_NSFaceIDUsageDescription = "FitLife Advisor uses Face ID to securely authenticate and protect personal fitness and health data.";
				INFOPLIST_KEY_NSPhotoLibraryUsageDescription = "This app accesses your photo library to analyze existing photos of food products, barcodes, and nutrition labels for meal tracking.";
				INFOPLIST_KEY_UIApplicationSceneManifest_Generation = YES;
				INFOPLIST_KEY_UIApplicationSupportsIndirectInputEvents = YES;
				INFOPLIST_KEY_UILaunchScreen_Generation = YES;
				INFOPLIST_KEY_UISupportedInterfaceOrientations_iPhone = "UIInterfaceOrientationPortrait UIInterfaceOrientationLandscapeLeft UIInterfaceOrientationLandscapeRight";
				IPHONEOS_DEPLOYMENT_TARGET = 15.6;
				LD_RUNPATH_SEARCH_PATHS = (
					"$(inherited)",
					"@executable_path/Frameworks",
				);
				MARKETING_VERSION = 1.0;
				PRODUCT_BUNDLE_IDENTIFIER = App.FitLifeAdvisorApp;
				PRODUCT_NAME = "$(TARGET_NAME)";
				SWIFT_EMIT_LOC_STRINGS = YES;
				SWIFT_VERSION = 5.0;
				TARGETED_DEVICE_FAMILY = "1,2";
			};
			name = Release;
		};
		DC33FD372E600C3300517FB0 /* Debug */ = {
			isa = XCBuildConfiguration;
			buildSettings = {
				BUNDLE_LOADER = "$(TEST_HOST)";
				CODE_SIGN_STYLE = Automatic;
				CURRENT_PROJECT_VERSION = 1;
				DEVELOPMENT_TEAM = 95DM8LUCU6;
				GENERATE_INFOPLIST_FILE = YES;
				IPHONEOS_DEPLOYMENT_TARGET = 18.2;
				MARKETING_VERSION = 1.0;
				PRODUCT_BUNDLE_IDENTIFIER = App.FitLifeAdvisorAppTests;
				PRODUCT_NAME = "$(TARGET_NAME)";
				SWIFT_EMIT_LOC_STRINGS = NO;
				SWIFT_VERSION = 5.0;
				TARGETED_DEVICE_FAMILY = "1,2";
				TEST_HOST = "$(BUILT_PRODUCTS_DIR)/FitLifeAdvisorApp.app/$(BUNDLE_EXECUTABLE_FOLDER_PATH)/FitLifeAdvisorApp";
			};
			name = Debug;
		};
		DC33FD382E600C3300517FB0 /* Release */ = {
			isa = XCBuildConfiguration;
			buildSettings = {
				BUNDLE_LOADER = "$(TEST_HOST)";
				CODE_SIGN_STYLE = Automatic;
				CURRENT_PROJECT_VERSION = 1;
				DEVELOPMENT_TEAM = 95DM8LUCU6;
				GENERATE_INFOPLIST_FILE = YES;
				IPHONEOS_DEPLOYMENT_TARGET = 18.2;
				MARKETING_VERSION = 1.0;
				PRODUCT_BUNDLE_IDENTIFIER = App.FitLifeAdvisorAppTests;
				PRODUCT_NAME = "$(TARGET_NAME)";
				SWIFT_EMIT_LOC_STRINGS = NO;
				SWIFT_VERSION = 5.0;
				TARGETED_DEVICE_FAMILY = "1,2";
				TEST_HOST = "$(BUILT_PRODUCTS_DIR)/FitLifeAdvisorApp.app/$(BUNDLE_EXECUTABLE_FOLDER_PATH)/FitLifeAdvisorApp";
			};
			name = Release;
		};
		DC33FD3A2E600C3300517FB0 /* Debug */ = {
			isa = XCBuildConfiguration;
			buildSettings = {
				CODE_SIGN_STYLE = Automatic;
				CURRENT_PROJECT_VERSION = 1;
				DEVELOPMENT_TEAM = 95DM8LUCU6;
				GENERATE_INFOPLIST_FILE = YES;
				MARKETING_VERSION = 1.0;
				PRODUCT_BUNDLE_IDENTIFIER = App.FitLifeAdvisorAppUITests;
				PRODUCT_NAME = "$(TARGET_NAME)";
				SWIFT_EMIT_LOC_STRINGS = NO;
				SWIFT_VERSION = 5.0;
				TARGETED_DEVICE_FAMILY = "1,2";
				TEST_TARGET_NAME = FitLifeAdvisorApp;
			};
			name = Debug;
		};
		DC33FD3B2E600C3300517FB0 /* Release */ = {
			isa = XCBuildConfiguration;
			buildSettings = {
				CODE_SIGN_STYLE = Automatic;
				CURRENT_PROJECT_VERSION = 1;
				DEVELOPMENT_TEAM = 95DM8LUCU6;
				GENERATE_INFOPLIST_FILE = YES;
				MARKETING_VERSION = 1.0;
				PRODUCT_BUNDLE_IDENTIFIER = App.FitLifeAdvisorAppUITests;
				PRODUCT_NAME = "$(TARGET_NAME)";
				SWIFT_EMIT_LOC_STRINGS = NO;
				SWIFT_VERSION = 5.0;
				TARGETED_DEVICE_FAMILY = "1,2";
				TEST_TARGET_NAME = FitLifeAdvisorApp;
			};
			name = Release;
		};
/* End XCBuildConfiguration section */

/* Begin XCConfigurationList section */
		DC33FD052E600C3200517FB0 /* Build configuration list for PBXProject "FitLifeAdvisorApp" */ = {
			isa = XCConfigurationList;
			buildConfigurations = (
				DC33FD312E600C3300517FB0 /* Debug */,
				DC33FD322E600C3300517FB0 /* Release */,
			);
			defaultConfigurationIsVisible = 0;
			defaultConfigurationName = Release;
		};
		DC33FD332E600C3300517FB0 /* Build configuration list for PBXNativeTarget "FitLifeAdvisorApp" */ = {
			isa = XCConfigurationList;
			buildConfigurations = (
				DC33FD342E600C3300517FB0 /* Debug */,
				DC33FD352E600C3300517FB0 /* Release */,
			);
			defaultConfigurationIsVisible = 0;
			defaultConfigurationName = Release;
		};
		DC33FD362E600C3300517FB0 /* Build configuration list for PBXNativeTarget "FitLifeAdvisorAppTests" */ = {
			isa = XCConfigurationList;
			buildConfigurations = (
				DC33FD372E600C3300517FB0 /* Debug */,
				DC33FD382E600C3300517FB0 /* Release */,
			);
			defaultConfigurationIsVisible = 0;
			defaultConfigurationName = Release;
		};
		DC33FD392E600C3300517FB0 /* Build configuration list for PBXNativeTarget "FitLifeAdvisorAppUITests" */ = {
			isa = XCConfigurationList;
			buildConfigurations = (
				DC33FD3A2E600C3300517FB0 /* Debug */,
				DC33FD3B2E600C3300517FB0 /* Release */,
			);
			defaultConfigurationIsVisible = 0;
			defaultConfigurationName = Release;
		};
/* End XCConfigurationList section */

/* Begin XCRemoteSwiftPackageReference section */
		DC06BC8E2E7AC398001284BD /* XCRemoteSwiftPackageReference "swift-algorithms" */ = {
			isa = XCRemoteSwiftPackageReference;
			repositoryURL = "https://github.com/apple/swift-algorithms.git";
			requirement = {
				kind = upToNextMajorVersion;
				minimumVersion = 1.2.1;
			};
		};
		DC06BC912E7AC9EA001284BD /* XCRemoteSwiftPackageReference "firebase-ios-sdk" */ = {
			isa = XCRemoteSwiftPackageReference;
			repositoryURL = "https://github.com/firebase/firebase-ios-sdk";
			requirement = {
				kind = upToNextMajorVersion;
				minimumVersion = 12.3.0;
			};
		};
/* End XCRemoteSwiftPackageReference section */

/* Begin XCSwiftPackageProductDependency section */
		DC06BC922E7ACB78001284BD /* FirebaseAI */ = {
			isa = XCSwiftPackageProductDependency;
			package = DC06BC912E7AC9EA001284BD /* XCRemoteSwiftPackageReference "firebase-ios-sdk" */;
			productName = FirebaseAI;
		};
		DC06BC942E7ACB78001284BD /* FirebaseAnalytics */ = {
			isa = XCSwiftPackageProductDependency;
			package = DC06BC912E7AC9EA001284BD /* XCRemoteSwiftPackageReference "firebase-ios-sdk" */;
			productName = FirebaseAnalytics;
		};
		DC06BC962E7ACB78001284BD /* FirebaseAnalyticsCore */ = {
			isa = XCSwiftPackageProductDependency;
			package = DC06BC912E7AC9EA001284BD /* XCRemoteSwiftPackageReference "firebase-ios-sdk" */;
			productName = FirebaseAnalyticsCore;
		};
		DC06BC982E7ACB78001284BD /* FirebaseAnalyticsIdentitySupport */ = {
			isa = XCSwiftPackageProductDependency;
			package = DC06BC912E7AC9EA001284BD /* XCRemoteSwiftPackageReference "firebase-ios-sdk" */;
			productName = FirebaseAnalyticsIdentitySupport;
		};
		DC06BC9A2E7ACB78001284BD /* FirebaseAppCheck */ = {
			isa = XCSwiftPackageProductDependency;
			package = DC06BC912E7AC9EA001284BD /* XCRemoteSwiftPackageReference "firebase-ios-sdk" */;
			productName = FirebaseAppCheck;
		};
/* End XCSwiftPackageProductDependency section */
	};
	rootObject = DC33FD022E600C3200517FB0 /* Project object */;
}
